// !$*UTF8*$!
{
	archiveVersion = 1;
	classes = {
	};
	objectVersion = 46;
	objects = {

/* Begin PBXBuildFile section */
		E505D0BA1A1464C9007F988D /* GLUT.framework in Frameworks */ = {isa = PBXBuildFile; fileRef = E505D0B91A1464C9007F988D /* GLUT.framework */; };
		E505D0BC1A1464DA007F988D /* OpenGL.framework in Frameworks */ = {isa = PBXBuildFile; fileRef = E505D0BB1A1464DA007F988D /* OpenGL.framework */; };
		E588C8E41A2B9C6A0095FAE9 /* sample2-5.cpp in Sources */ = {isa = PBXBuildFile; fileRef = E505D0C51A14759E007F988D /* sample2-5.cpp */; };
		E59AE75E1A089D5800A470B8 /* libopencv_highgui.2.4.9.dylib in Frameworks */ = {isa = PBXBuildFile; fileRef = E59AE75D1A089D5800A470B8 /* libopencv_highgui.2.4.9.dylib */; };
		E59AE7601A089D6E00A470B8 /* libopencv_core.2.4.9.dylib in Frameworks */ = {isa = PBXBuildFile; fileRef = E59AE75F1A089D6E00A470B8 /* libopencv_core.2.4.9.dylib */; };
		E59AE7621A08AADE00A470B8 /* libopencv_objdetect.2.4.9.dylib in Frameworks */ = {isa = PBXBuildFile; fileRef = E59AE7611A08AADE00A470B8 /* libopencv_objdetect.2.4.9.dylib */; };
		E59AE7641A08AB0400A470B8 /* libopencv_imgproc.2.4.9.dylib in Frameworks */ = {isa = PBXBuildFile; fileRef = E59AE7631A08AB0400A470B8 /* libopencv_imgproc.2.4.9.dylib */; };
		E5F108151A0B2CDC00997782 /* libopencv_photo.2.4.9.dylib in Frameworks */ = {isa = PBXBuildFile; fileRef = E5F108141A0B2CDC00997782 /* libopencv_photo.2.4.9.dylib */; };
/* End PBXBuildFile section */

/* Begin PBXCopyFilesBuildPhase section */
		E59AE7511A08999E00A470B8 /* CopyFiles */ = {
			isa = PBXCopyFilesBuildPhase;
			buildActionMask = 2147483647;
			dstPath = /usr/share/man/man1/;
			dstSubfolderSpec = 0;
			files = (
			);
			runOnlyForDeploymentPostprocessing = 1;
		};
/* End PBXCopyFilesBuildPhase section */

/* Begin PBXFileReference section */
		E505D0B91A1464C9007F988D /* GLUT.framework */ = {isa = PBXFileReference; lastKnownFileType = wrapper.framework; name = GLUT.framework; path = System/Library/Frameworks/GLUT.framework; sourceTree = SDKROOT; };
		E505D0BB1A1464DA007F988D /* OpenGL.framework */ = {isa = PBXFileReference; lastKnownFileType = wrapper.framework; name = OpenGL.framework; path = System/Library/Frameworks/OpenGL.framework; sourceTree = SDKROOT; };
		E505D0BD1A146536007F988D /* sample2-1.cpp */ = {isa = PBXFileReference; fileEncoding = 4; lastKnownFileType = sourcecode.cpp.cpp; path = "sample2-1.cpp"; sourceTree = "<group>"; };
		E505D0BF1A146CC4007F988D /* sample2-2.cpp */ = {isa = PBXFileReference; fileEncoding = 4; lastKnownFileType = sourcecode.cpp.cpp; path = "sample2-2.cpp"; sourceTree = "<group>"; };
		E505D0C11A147481007F988D /* sample2-3.cpp */ = {isa = PBXFileReference; fileEncoding = 4; lastKnownFileType = sourcecode.cpp.cpp; path = "sample2-3.cpp"; sourceTree = "<group>"; };
		E505D0C31A14758D007F988D /* sample2-4.cpp */ = {isa = PBXFileReference; fileEncoding = 4; lastKnownFileType = sourcecode.cpp.cpp; path = "sample2-4.cpp"; sourceTree = "<group>"; };
		E505D0C51A14759E007F988D /* sample2-5.cpp */ = {isa = PBXFileReference; fileEncoding = 4; lastKnownFileType = sourcecode.cpp.cpp; path = "sample2-5.cpp"; sourceTree = "<group>"; };
		E53B30D51A1B24D60027C30C /* blackboard.cpp */ = {isa = PBXFileReference; fileEncoding = 4; lastKnownFileType = sourcecode.cpp.cpp; path = blackboard.cpp; sourceTree = "<group>"; };
		E53B30D61A1B24D60027C30C /* blackboard.h */ = {isa = PBXFileReference; fileEncoding = 4; lastKnownFileType = sourcecode.c.h; path = blackboard.h; sourceTree = "<group>"; };
		E55664691A108DCA00C5DAD6 /* face_detect.cpp */ = {isa = PBXFileReference; fileEncoding = 4; lastKnownFileType = sourcecode.cpp.cpp; path = face_detect.cpp; sourceTree = "<group>"; };
		E57781411A11D70C0081EC2F /* hand_detect.cpp */ = {isa = PBXFileReference; fileEncoding = 4; lastKnownFileType = sourcecode.cpp.cpp; path = hand_detect.cpp; sourceTree = "<group>"; };
		E59AE7531A08999E00A470B8 /* OpenCVGL1.1 */ = {isa = PBXFileReference; explicitFileType = "compiled.mach-o.executable"; includeInIndex = 0; path = OpenCVGL1.1; sourceTree = BUILT_PRODUCTS_DIR; };
		E59AE7561A08999E00A470B8 /* main.cpp */ = {isa = PBXFileReference; lastKnownFileType = sourcecode.cpp.cpp; path = main.cpp; sourceTree = "<group>"; };
		E59AE75D1A089D5800A470B8 /* libopencv_highgui.2.4.9.dylib */ = {isa = PBXFileReference; lastKnownFileType = "compiled.mach-o.dylib"; name = libopencv_highgui.2.4.9.dylib; path = ../../../../../usr/local/Cellar/opencv/2.4.9/lib/libopencv_highgui.2.4.9.dylib; sourceTree = "<group>"; };
		E59AE75F1A089D6E00A470B8 /* libopencv_core.2.4.9.dylib */ = {isa = PBXFileReference; lastKnownFileType = "compiled.mach-o.dylib"; name = libopencv_core.2.4.9.dylib; path = ../../../../../usr/local/Cellar/opencv/2.4.9/lib/libopencv_core.2.4.9.dylib; sourceTree = "<group>"; };
		E59AE7611A08AADE00A470B8 /* libopencv_objdetect.2.4.9.dylib */ = {isa = PBXFileReference; lastKnownFileType = "compiled.mach-o.dylib"; name = libopencv_objdetect.2.4.9.dylib; path = ../../../../../usr/local/Cellar/opencv/2.4.9/lib/libopencv_objdetect.2.4.9.dylib; sourceTree = "<group>"; };
		E59AE7631A08AB0400A470B8 /* libopencv_imgproc.2.4.9.dylib */ = {isa = PBXFileReference; lastKnownFileType = "compiled.mach-o.dylib"; name = libopencv_imgproc.2.4.9.dylib; path = ../../../../../usr/local/Cellar/opencv/2.4.9/lib/libopencv_imgproc.2.4.9.dylib; sourceTree = "<group>"; };
		E59AE76A1A08AC4C00A470B8 /* sample1-1.cpp */ = {isa = PBXFileReference; fileEncoding = 4; lastKnownFileType = sourcecode.cpp.cpp; path = "sample1-1.cpp"; sourceTree = "<group>"; };
		E59AE76C1A08AC6B00A470B8 /* sample1-5.cpp */ = {isa = PBXFileReference; fileEncoding = 4; lastKnownFileType = sourcecode.cpp.cpp; path = "sample1-5.cpp"; sourceTree = "<group>"; };
		E5F1080D1A0B2BED00997782 /* sample1-2.cpp */ = {isa = PBXFileReference; fileEncoding = 4; lastKnownFileType = sourcecode.cpp.cpp; path = "sample1-2.cpp"; sourceTree = "<group>"; };
		E5F108101A0B2C5B00997782 /* sample1-3.cpp */ = {isa = PBXFileReference; lastKnownFileType = sourcecode.cpp.cpp; path = "sample1-3.cpp"; sourceTree = "<group>"; };
		E5F108121A0B2C7D00997782 /* sample1-4.cpp */ = {isa = PBXFileReference; lastKnownFileType = sourcecode.cpp.cpp; path = "sample1-4.cpp"; sourceTree = "<group>"; };
		E5F108141A0B2CDC00997782 /* libopencv_photo.2.4.9.dylib */ = {isa = PBXFileReference; lastKnownFileType = "compiled.mach-o.dylib"; name = libopencv_photo.2.4.9.dylib; path = ../../../../../usr/local/Cellar/opencv/2.4.9/lib/libopencv_photo.2.4.9.dylib; sourceTree = "<group>"; };
/* End PBXFileReference section */

/* Begin PBXFrameworksBuildPhase section */
		E59AE7501A08999E00A470B8 /* Frameworks */ = {
			isa = PBXFrameworksBuildPhase;
			buildActionMask = 2147483647;
			files = (
				E505D0BC1A1464DA007F988D /* OpenGL.framework in Frameworks */,
				E505D0BA1A1464C9007F988D /* GLUT.framework in Frameworks */,
				E5F108151A0B2CDC00997782 /* libopencv_photo.2.4.9.dylib in Frameworks */,
				E59AE7641A08AB0400A470B8 /* libopencv_imgproc.2.4.9.dylib in Frameworks */,
				E59AE7621A08AADE00A470B8 /* libopencv_objdetect.2.4.9.dylib in Frameworks */,
				E59AE7601A089D6E00A470B8 /* libopencv_core.2.4.9.dylib in Frameworks */,
				E59AE75E1A089D5800A470B8 /* libopencv_highgui.2.4.9.dylib in Frameworks */,
			);
			runOnlyForDeploymentPostprocessing = 0;
		};
/* End PBXFrameworksBuildPhase section */

/* Begin PBXGroup section */
		E59AE74A1A08999E00A470B8 = {
			isa = PBXGroup;
			children = (
				E505D0BB1A1464DA007F988D /* OpenGL.framework */,
				E505D0B91A1464C9007F988D /* GLUT.framework */,
				E5F108141A0B2CDC00997782 /* libopencv_photo.2.4.9.dylib */,
				E59AE7631A08AB0400A470B8 /* libopencv_imgproc.2.4.9.dylib */,
				E59AE7611A08AADE00A470B8 /* libopencv_objdetect.2.4.9.dylib */,
				E59AE75F1A089D6E00A470B8 /* libopencv_core.2.4.9.dylib */,
				E59AE75D1A089D5800A470B8 /* libopencv_highgui.2.4.9.dylib */,
				E59AE7691A08AC0900A470B8 /* sample */,
				E59AE7551A08999E00A470B8 /* OpenCVGL1.1 */,
				E59AE7541A08999E00A470B8 /* Products */,
			);
			sourceTree = "<group>";
		};
		E59AE7541A08999E00A470B8 /* Products */ = {
			isa = PBXGroup;
			children = (
				E59AE7531A08999E00A470B8 /* OpenCVGL1.1 */,
			);
			name = Products;
			sourceTree = "<group>";
		};
		E59AE7551A08999E00A470B8 /* OpenCVGL1.1 */ = {
			isa = PBXGroup;
			children = (
				E59AE7561A08999E00A470B8 /* main.cpp */,
			);
			path = OpenCVGL1.1;
			sourceTree = "<group>";
		};
		E59AE7691A08AC0900A470B8 /* sample */ = {
			isa = PBXGroup;
			children = (
				E59AE76A1A08AC4C00A470B8 /* sample1-1.cpp */,
				E5F1080D1A0B2BED00997782 /* sample1-2.cpp */,
				E5F108101A0B2C5B00997782 /* sample1-3.cpp */,
				E5F108121A0B2C7D00997782 /* sample1-4.cpp */,
				E59AE76C1A08AC6B00A470B8 /* sample1-5.cpp */,
				E55664691A108DCA00C5DAD6 /* face_detect.cpp */,
				E57781411A11D70C0081EC2F /* hand_detect.cpp */,
				E505D0BD1A146536007F988D /* sample2-1.cpp */,
				E505D0BF1A146CC4007F988D /* sample2-2.cpp */,
				E505D0C11A147481007F988D /* sample2-3.cpp */,
				E505D0C31A14758D007F988D /* sample2-4.cpp */,
				E505D0C51A14759E007F988D /* sample2-5.cpp */,
				E53B30D51A1B24D60027C30C /* blackboard.cpp */,
				E53B30D61A1B24D60027C30C /* blackboard.h */,
			);
			name = sample;
			sourceTree = "<group>";
		};
/* End PBXGroup section */

/* Begin PBXNativeTarget section */
		E59AE7521A08999E00A470B8 /* OpenCVGL1.1 */ = {
			isa = PBXNativeTarget;
			buildConfigurationList = E59AE75A1A08999E00A470B8 /* Build configuration list for PBXNativeTarget "OpenCVGL1.1" */;
			buildPhases = (
				E59AE74F1A08999E00A470B8 /* Sources */,
				E59AE7501A08999E00A470B8 /* Frameworks */,
				E59AE7511A08999E00A470B8 /* CopyFiles */,
			);
			buildRules = (
			);
			dependencies = (
			);
			name = OpenCVGL1.1;
			productName = OpenCVGL1.1;
			productReference = E59AE7531A08999E00A470B8 /* OpenCVGL1.1 */;
			productType = "com.apple.product-type.tool";
		};
/* End PBXNativeTarget section */

/* Begin PBXProject section */
		E59AE74B1A08999E00A470B8 /* Project object */ = {
			isa = PBXProject;
			attributes = {
				LastUpgradeCheck = 0610;
				ORGANIZATIONNAME = kazuya;
				TargetAttributes = {
					E59AE7521A08999E00A470B8 = {
						CreatedOnToolsVersion = 6.1;
					};
				};
			};
			buildConfigurationList = E59AE74E1A08999E00A470B8 /* Build configuration list for PBXProject "OpenCVGL1.1" */;
			compatibilityVersion = "Xcode 3.2";
			developmentRegion = English;
			hasScannedForEncodings = 0;
			knownRegions = (
				en,
			);
			mainGroup = E59AE74A1A08999E00A470B8;
			productRefGroup = E59AE7541A08999E00A470B8 /* Products */;
			projectDirPath = "";
			projectRoot = "";
			targets = (
				E59AE7521A08999E00A470B8 /* OpenCVGL1.1 */,
			);
		};
/* End PBXProject section */

/* Begin PBXSourcesBuildPhase section */
		E59AE74F1A08999E00A470B8 /* Sources */ = {
			isa = PBXSourcesBuildPhase;
			buildActionMask = 2147483647;
			files = (
				E588C8E41A2B9C6A0095FAE9 /* sample2-5.cpp in Sources */,
			);
			runOnlyForDeploymentPostprocessing = 0;
		};
/* End PBXSourcesBuildPhase section */

/* Begin XCBuildConfiguration section */
		E59AE7581A08999E00A470B8 /* Debug */ = {
			isa = XCBuildConfiguration;
			buildSettings = {
				ALWAYS_SEARCH_USER_PATHS = NO;
				CLANG_CXX_LANGUAGE_STANDARD = "gnu++0x";
				CLANG_CXX_LIBRARY = "libc++";
				CLANG_ENABLE_MODULES = YES;
				CLANG_ENABLE_OBJC_ARC = YES;
				CLANG_WARN_BOOL_CONVERSION = YES;
				CLANG_WARN_CONSTANT_CONVERSION = YES;
				CLANG_WARN_DIRECT_OBJC_ISA_USAGE = YES_ERROR;
				CLANG_WARN_EMPTY_BODY = YES;
				CLANG_WARN_ENUM_CONVERSION = YES;
				CLANG_WARN_INT_CONVERSION = YES;
				CLANG_WARN_OBJC_ROOT_CLASS = YES_ERROR;
				CLANG_WARN_UNREACHABLE_CODE = YES;
				CLANG_WARN__DUPLICATE_METHOD_MATCH = YES;
				COPY_PHASE_STRIP = NO;
				ENABLE_STRICT_OBJC_MSGSEND = YES;
				GCC_C_LANGUAGE_STANDARD = gnu99;
				GCC_DYNAMIC_NO_PIC = NO;
				GCC_OPTIMIZATION_LEVEL = 0;
				GCC_PREPROCESSOR_DEFINITIONS = (
					"DEBUG=1",
					"$(inherited)",
				);
				GCC_SYMBOLS_PRIVATE_EXTERN = NO;
				GCC_WARN_64_TO_32_BIT_CONVERSION = YES;
				GCC_WARN_ABOUT_RETURN_TYPE = YES_ERROR;
				GCC_WARN_UNDECLARED_SELECTOR = YES;
				GCC_WARN_UNINITIALIZED_AUTOS = YES_AGGRESSIVE;
				GCC_WARN_UNUSED_FUNCTION = YES;
				GCC_WARN_UNUSED_VARIABLE = YES;
				MACOSX_DEPLOYMENT_TARGET = 10.9;
				MTL_ENABLE_DEBUG_INFO = YES;
				ONLY_ACTIVE_ARCH = YES;
				SDKROOT = macosx;
			};
			name = Debug;
		};
		E59AE7591A08999E00A470B8 /* Release */ = {
			isa = XCBuildConfiguration;
			buildSettings = {
				ALWAYS_SEARCH_USER_PATHS = NO;
				CLANG_CXX_LANGUAGE_STANDARD = "gnu++0x";
				CLANG_CXX_LIBRARY = "libc++";
				CLANG_ENABLE_MODULES = YES;
				CLANG_ENABLE_OBJC_ARC = YES;
				CLANG_WARN_BOOL_CONVERSION = YES;
				CLANG_WARN_CONSTANT_CONVERSION = YES;
				CLANG_WARN_DIRECT_OBJC_ISA_USAGE = YES_ERROR;
				CLANG_WARN_EMPTY_BODY = YES;
				CLANG_WARN_ENUM_CONVERSION = YES;
				CLANG_WARN_INT_CONVERSION = YES;
				CLANG_WARN_OBJC_ROOT_CLASS = YES_ERROR;
				CLANG_WARN_UNREACHABLE_CODE = YES;
				CLANG_WARN__DUPLICATE_METHOD_MATCH = YES;
				COPY_PHASE_STRIP = YES;
				DEBUG_INFORMATION_FORMAT = "dwarf-with-dsym";
				ENABLE_NS_ASSERTIONS = NO;
				ENABLE_STRICT_OBJC_MSGSEND = YES;
				GCC_C_LANGUAGE_STANDARD = gnu99;
				GCC_WARN_64_TO_32_BIT_CONVERSION = YES;
				GCC_WARN_ABOUT_RETURN_TYPE = YES_ERROR;
				GCC_WARN_UNDECLARED_SELECTOR = YES;
				GCC_WARN_UNINITIALIZED_AUTOS = YES_AGGRESSIVE;
				GCC_WARN_UNUSED_FUNCTION = YES;
				GCC_WARN_UNUSED_VARIABLE = YES;
				MACOSX_DEPLOYMENT_TARGET = 10.9;
				MTL_ENABLE_DEBUG_INFO = NO;
				SDKROOT = macosx;
			};
			name = Release;
		};
		E59AE75B1A08999E00A470B8 /* Debug */ = {
			isa = XCBuildConfiguration;
			buildSettings = {
				HEADER_SEARCH_PATHS = (
					"$(inherited)",
					/Applications/Xcode.app/Contents/Developer/Toolchains/XcodeDefault.xctoolchain/usr/include,
					"/usr/local/Cellar/opencv/**",
				);
				LIBRARY_SEARCH_PATHS = (
					"$(inherited)",
					/usr/local/Cellar/opencv/2.4.9/lib,
				);
				MACOSX_DEPLOYMENT_TARGET = 10.8;
				PRODUCT_NAME = "$(TARGET_NAME)";
			};
			name = Debug;
		};
		E59AE75C1A08999E00A470B8 /* Release */ = {
			isa = XCBuildConfiguration;
			buildSettings = {
				HEADER_SEARCH_PATHS = (
					"$(inherited)",
					/Applications/Xcode.app/Contents/Developer/Toolchains/XcodeDefault.xctoolchain/usr/include,
					"/usr/local/Cellar/opencv/**",
				);
				LIBRARY_SEARCH_PATHS = (
					"$(inherited)",
					/usr/local/Cellar/opencv/2.4.9/lib,
				);
				MACOSX_DEPLOYMENT_TARGET = 10.8;
				PRODUCT_NAME = "$(TARGET_NAME)";
			};
			name = Release;
		};
/* End XCBuildConfiguration section */

/* Begin XCConfigurationList section */
		E59AE74E1A08999E00A470B8 /* Build configuration list for PBXProject "OpenCVGL1.1" */ = {
			isa = XCConfigurationList;
			buildConfigurations = (
				E59AE7581A08999E00A470B8 /* Debug */,
				E59AE7591A08999E00A470B8 /* Release */,
			);
			defaultConfigurationIsVisible = 0;
			defaultConfigurationName = Release;
		};
		E59AE75A1A08999E00A470B8 /* Build configuration list for PBXNativeTarget "OpenCVGL1.1" */ = {
			isa = XCConfigurationList;
			buildConfigurations = (
				E59AE75B1A08999E00A470B8 /* Debug */,
				E59AE75C1A08999E00A470B8 /* Release */,
			);
			defaultConfigurationIsVisible = 0;
			defaultConfigurationName = Release;
		};
/* End XCConfigurationList section */
	};
	rootObject = E59AE74B1A08999E00A470B8 /* Project object */;
}
